{
  "version": 4,
  "terraform_version": "0.12.18",
  "serial": 4,
  "lineage": "15e32fec-be86-db47-8075-bb5121cccc95",
  "outputs": {
    "example-cloudrun-composeservice_url": {
      "value": "https://example-cloudrun-compose-zakzcx4zxq-uc.a.run.app",
      "type": "string"
    }
  },
  "resources": [
    {
      "mode": "data",
      "type": "google_iam_policy",
      "name": "noauth",
      "provider": "provider.google",
      "instances": [
        {
          "schema_version": 0,
          "attributes": {
            "audit_config": null,
            "binding": [
              {
                "members": [
                  "allUsers"
                ],
                "role": "roles/run.invoker"
              }
            ],
            "id": "3450855414",
            "policy_data": "{\"bindings\":[{\"members\":[\"allUsers\"],\"role\":\"roles/run.invoker\"}]}"
          }
        }
      ]
    },
    {
      "mode": "managed",
      "type": "google_cloud_run_service",
      "name": "example-cloudrun-compose",
      "provider": "provider.google-beta",
      "instances": [
        {
          "schema_version": 0,
          "attributes": {
            "id": "locations/us-central1/namespaces/molten-enigma-261612/services/example-cloudrun-compose",
            "location": "us-central1",
            "metadata": [
              {
                "annotations": {
                  "serving.knative.dev/creator": "terraform2@molten-enigma-261612.iam.gserviceaccount.com",
                  "serving.knative.dev/lastModifier": "terraform2@molten-enigma-261612.iam.gserviceaccount.com"
                },
                "generation": 1,
                "labels": {
                  "cloud.googleapis.com/location": "us-central1"
                },
                "namespace": "molten-enigma-261612",
                "resource_version": "AAWdCireFug",
                "self_link": "/apis/serving.knative.dev/v1/namespaces/794182721870/services/example-cloudrun-compose",
                "uid": "1639e409-3a93-4229-a7cb-1c1f2813001d"
              }
            ],
            "name": "example-cloudrun-compose",
            "project": "molten-enigma-261612",
            "status": [
              {
                "conditions": [
                  {
                    "message": "",
                    "reason": "",
                    "status": "True",
                    "type": "Ready"
                  },
                  {
                    "message": "",
                    "reason": "",
                    "status": "True",
                    "type": "ConfigurationsReady"
                  },
                  {
                    "message": "",
                    "reason": "",
                    "status": "True",
                    "type": "RoutesReady"
                  }
                ],
                "latest_created_revision_name": "example-cloudrun-compose-mn5nb",
                "latest_ready_revision_name": "example-cloudrun-compose-mn5nb",
                "observed_generation": 1,
                "url": "https://example-cloudrun-compose-zakzcx4zxq-uc.a.run.app"
              }
            ],
            "template": [
              {
                "metadata": [],
                "spec": [
                  {
                    "container_concurrency": 0,
                    "containers": [
                      {
                        "args": null,
                        "command": null,
                        "env": [
                          {
                            "name": "URL_0",
                            "value": "http://mongoke/"
                          },
                          {
                            "name": "URL_1",
                            "value": "http://server"
                          }
                        ],
                        "env_from": [],
                        "image": "gcr.io/cloudrun/hello",
                        "resources": [],
                        "working_dir": ""
                      }
                    ],
                    "service_account_name": "",
                    "serving_state": ""
                  }
                ]
              }
            ],
            "timeouts": null,
            "traffic": [
              {
                "latest_revision": true,
                "percent": 100,
                "revision_name": ""
              }
            ]
          },
          "private": "eyJlMmJmYjczMC1lY2FhLTExZTYtOGY4OC0zNDM2M2JjN2M0YzAiOnsiY3JlYXRlIjozNjAwMDAwMDAwMDAsImRlbGV0ZSI6MjQwMDAwMDAwMDAwLCJ1cGRhdGUiOjM2MDAwMDAwMDAwMH19"
        }
      ]
    },
    {
      "mode": "managed",
      "type": "google_cloud_run_service_iam_policy",
      "name": "example-cloudrun-compose_noauth",
      "provider": "provider.google",
      "instances": [
        {
          "schema_version": 0,
          "attributes": {
            "etag": "BwWdCisZQXk=",
            "id": "v1/projects/molten-enigma-261612/locations/us-central1/services/example-cloudrun-compose",
            "location": "us-central1",
            "policy_data": "{\"bindings\":[{\"members\":[\"allUsers\"],\"role\":\"roles/run.invoker\"}]}",
            "project": "molten-enigma-261612",
            "service": "v1/projects/molten-enigma-261612/locations/us-central1/services/example-cloudrun-compose"
          },
          "private": "bnVsbA==",
          "dependencies": [
            "google_cloud_run_service.example-cloudrun-compose"
          ]
        }
      ]
    }
  ]
}
